
Microsoft Visual Studio Solution File, Format Version 12.00
# Visual Studio 15
VisualStudioVersion = 15.0.27703.1
MinimumVisualStudioVersion = 10.0.40219.1
Project("{FAE04EC0-301F-11D3-BF4B-00C04F79EFBC}") = "MvcMovie", "MvcMovie\MvcMovie.csproj", "{A1225DC7-2678-4B0F-8A0E-136DFA4CB0C6}"
EndProject
Project("{FAE04EC0-301F-11D3-BF4B-00C04F79EFBC}") = "ToDoApi", "ToDoApi\ToDoApi.csproj", "{66493608-C1AD-4C88-B907-66EE293D53D5}"
EndProject
Global
	GlobalSection(SolutionConfigurationPlatforms) = preSolution
		Debug|Any CPU = Debug|Any CPU
		Release|Any CPU = Release|Any CPU
	EndGlobalSection
	GlobalSection(ProjectConfigurationPlatforms) = postSolution
		{A1225DC7-2678-4B0F-8A0E-136DFA4CB0C6}.Debug|Any CPU.ActiveCfg = Debug|Any CPU
		{A1225DC7-2678-4B0F-8A0E-136DFA4CB0C6}.Debug|Any CPU.Build.0 = Debug|Any CPU
		{A1225DC7-2678-4B0F-8A0E-136DFA4CB0C6}.Release|Any CPU.ActiveCfg = Release|Any CPU
		{A1225DC7-2678-4B0F-8A0E-136DFA4CB0C6}.Release|Any CPU.Build.0 = Release|Any CPU
		{66493608-C1AD-4C88-B907-66EE293D53D5}.Debug|Any CPU.ActiveCfg = Debug|Any CPU
		{66493608-C1AD-4C88-B907-66EE293D53D5}.Debug|Any CPU.Build.0 = Debug|Any CPU
		{66493608-C1AD-4C88-B907-66EE293D53D5}.Release|Any CPU.ActiveCfg = Release|Any CPU
		{66493608-C1AD-4C88-B907-66EE293D53D5}.Release|Any CPU.Build.0 = Release|Any CPU
	EndGlobalSection
	GlobalSection(SolutionProperties) = preSolution
		HideSolutionNode = FALSE
	EndGlobalSection
	GlobalSection(ExtensibilityGlobals) = postSolution
		SolutionGuid = {D5AC3C02-DAB8-4D4C-8280-7B0AE2659ADC}
	EndGlobalSection
EndGlobal
